github.com/olOwOlo/hugo-theme-even v4.0.0+incompatible h1:oaKneqeOasPnNC2waTK2DKgXAWwVy3jRlfr3DkARbJk=
github.com/olOwOlo/hugo-theme-even v4.0.0+incompatible/go.mod h1:fi8rrW+HLHpDEjP9Hft6Mx5ZFQRnofQuVHgavM0ruyo=
github.com/olOwOlo/hugo-theme-even v4.0.1-0.20200910162728-da4320e8a563+incompatible h1:OKwM19lCnjU9StEwd+NDJD2TjOwqoT0xItIsudIA2Sc=
github.com/olOwOlo/hugo-theme-even v4.0.1-0.20200910162728-da4320e8a563+incompatible/go.mod h1:fi8rrW+HLHpDEjP9Hft6Mx5ZFQRnofQuVHgavM0ruyo=
